
Microsoft Visual Studio Solution File, Format Version 12.00
# Visual Studio Version 17
VisualStudioVersion = 17.7.34031.279
MinimumVisualStudioVersion = 10.0.40219.1
Project("{9A19103F-16F7-4668-BE54-9A1E7A4F7556}") = "SistemaInventario", "SistemaInventario\SistemaInventario.csproj", "{7B7CD82F-6B38-47FE-80A9-EA1440870A05}"
EndProject
Project("{FAE04EC0-301F-11D3-BF4B-00C04F79EFBC}") = "SistemaInventario.AccesoDatos", "SistemaInventario.AccesoDatos\SistemaInventario.AccesoDatos.csproj", "{369551DC-C6BA-4E58-8915-323968353B4F}"
EndProject
Project("{FAE04EC0-301F-11D3-BF4B-00C04F79EFBC}") = "SistemaInventario.Modelos", "SistemaInventario.Modelos\SistemaInventario.Modelos.csproj", "{E44C50AC-7549-4801-A89A-6D282B5FAA8D}"
EndProject
Project("{FAE04EC0-301F-11D3-BF4B-00C04F79EFBC}") = "SistemaInventario.Utilidades", "SistemaInventario.Utilidades\SistemaInventario.Utilidades.csproj", "{92697693-5443-444A-8087-C85E175B6570}"
EndProject
Global
	GlobalSection(SolutionConfigurationPlatforms) = preSolution
		Debug|Any CPU = Debug|Any CPU
		Release|Any CPU = Release|Any CPU
	EndGlobalSection
	GlobalSection(ProjectConfigurationPlatforms) = postSolution
		{7B7CD82F-6B38-47FE-80A9-EA1440870A05}.Debug|Any CPU.ActiveCfg = Debug|Any CPU
		{7B7CD82F-6B38-47FE-80A9-EA1440870A05}.Debug|Any CPU.Build.0 = Debug|Any CPU
		{7B7CD82F-6B38-47FE-80A9-EA1440870A05}.Release|Any CPU.ActiveCfg = Release|Any CPU
		{7B7CD82F-6B38-47FE-80A9-EA1440870A05}.Release|Any CPU.Build.0 = Release|Any CPU
		{369551DC-C6BA-4E58-8915-323968353B4F}.Debug|Any CPU.ActiveCfg = Debug|Any CPU
		{369551DC-C6BA-4E58-8915-323968353B4F}.Debug|Any CPU.Build.0 = Debug|Any CPU
		{369551DC-C6BA-4E58-8915-323968353B4F}.Release|Any CPU.ActiveCfg = Release|Any CPU
		{369551DC-C6BA-4E58-8915-323968353B4F}.Release|Any CPU.Build.0 = Release|Any CPU
		{E44C50AC-7549-4801-A89A-6D282B5FAA8D}.Debug|Any CPU.ActiveCfg = Debug|Any CPU
		{E44C50AC-7549-4801-A89A-6D282B5FAA8D}.Debug|Any CPU.Build.0 = Debug|Any CPU
		{E44C50AC-7549-4801-A89A-6D282B5FAA8D}.Release|Any CPU.ActiveCfg = Release|Any CPU
		{E44C50AC-7549-4801-A89A-6D282B5FAA8D}.Release|Any CPU.Build.0 = Release|Any CPU
		{92697693-5443-444A-8087-C85E175B6570}.Debug|Any CPU.ActiveCfg = Debug|Any CPU
		{92697693-5443-444A-8087-C85E175B6570}.Debug|Any CPU.Build.0 = Debug|Any CPU
		{92697693-5443-444A-8087-C85E175B6570}.Release|Any CPU.ActiveCfg = Release|Any CPU
		{92697693-5443-444A-8087-C85E175B6570}.Release|Any CPU.Build.0 = Release|Any CPU
	EndGlobalSection
	GlobalSection(SolutionProperties) = preSolution
		HideSolutionNode = FALSE
	EndGlobalSection
	GlobalSection(ExtensibilityGlobals) = postSolution
		SolutionGuid = {F5B1CC7C-34F3-4AC6-905E-81E96746BA11}
	EndGlobalSection
EndGlobal
